{
  "name": "mindlife-custom-battery-rangeslider",
  "version": "0.0.99",
  "lockfileVersion": 1,
  "requires": true,
  "dependencies": {
    "@stencil/core": {
      "version": "1.17.3",
      "resolved": "https://registry.npmjs.org/@stencil/core/-/core-1.17.3.tgz",
      "integrity": "sha512-q5joOYUPHTNa/5hEThMT/QEJ/suN8bpcYbV/LrSNsgsgHN+RJ05jCpU8VAShdUPT6WzoyF2iGgYc/EI2xeqFzw==",
      "dev": true,
      "requires": {
        "typescript": "3.9.7"
      }
    },
    "nouislider": {
      "version": "14.6.0",
      "resolved": "https://registry.npmjs.org/nouislider/-/nouislider-14.6.0.tgz",
      "integrity": "sha512-KY0jH2pU4G/55wpoS5Ynyrc5xpOMZ10/Xr51sMYG/JxmYoPJGy3fG8mOMio0MJXerKp5Go3elwcODk3lX6mFMQ=="
    },
    "typescript": {
      "version": "3.9.7",
      "resolved": "https://registry.npmjs.org/typescript/-/typescript-3.9.7.tgz",
      "integrity": "sha512-BLbiRkiBzAwsjut4x/dsibSTB6yWpwT5qWmC2OfuCg3GgVQCSgMs4vEctYPhsaGtd0AeuuHMkjZ2h2WG8MSzRw==",
      "dev": true
    }
  }
}
